
Microsoft Visual Studio Solution File, Format Version 12.00
# Visual Studio Version 16
VisualStudioVersion = 16.0.30503.244
MinimumVisualStudioVersion = 10.0.40219.1
Project("{8BC9CEB8-8B4A-11D0-8D11-00A0C91BC942}") = "01类", "Cpp.vcxproj", "{902E122E-E755-4F52-AC22-AD4CCF15D975}"
EndProject
Project("{8BC9CEB8-8B4A-11D0-8D11-00A0C91BC942}") = "02内联函数", "..\02内联函数\02内联函数.vcxproj", "{13858D76-BBE1-40A2-B6D6-D3B36CD475D7}"
EndProject
Project("{8BC9CEB8-8B4A-11D0-8D11-00A0C91BC942}") = "03.类的静态成员", "..\03.类的静态成员\03.类的静态成员.vcxproj", "{E680F826-9147-4C80-A46E-7F4F1F9EF90C}"
EndProject
Project("{8BC9CEB8-8B4A-11D0-8D11-00A0C91BC942}") = "04.操作符重载", "..\04.操作符重载\04.操作符重载.vcxproj", "{BDFE5EE9-8744-421F-8BC2-4F49ABF25061}"
EndProject
Project("{8BC9CEB8-8B4A-11D0-8D11-00A0C91BC942}") = "05.多态", "..\05.多态\05.多态.vcxproj", "{BEE7480B-7D3B-4DB1-B07E-3054DB6E1B7C}"
EndProject
Project("{8BC9CEB8-8B4A-11D0-8D11-00A0C91BC942}") = "06.数据抽象和数据封装", "..\06.数据抽象和数据封装\06.数据抽象和数据封装.vcxproj", "{38A886C6-8919-4260-86A2-2A7967E89245}"
EndProject
Project("{8BC9CEB8-8B4A-11D0-8D11-00A0C91BC942}") = "07.文件和流", "..\07.文件和溜\07.文件和溜.vcxproj", "{15A00148-4B5A-408D-B350-9AD26D9CE4AD}"
EndProject
Project("{8BC9CEB8-8B4A-11D0-8D11-00A0C91BC942}") = "08.异常处理", "..\08.异常处理\08.异常处理.vcxproj", "{DCAAE8B8-0437-44C2-844B-78A915329104}"
EndProject
Project("{8BC9CEB8-8B4A-11D0-8D11-00A0C91BC942}") = "2.3 常量和引用", "..\2.3 常量和引用\2.3 常量和引用.vcxproj", "{A77B1953-658F-409A-AB8E-9919B186C482}"
EndProject
Project("{8BC9CEB8-8B4A-11D0-8D11-00A0C91BC942}") = "2.6函数新特性内联函数const", "..\2.6函数新特性内联函数const\2.6函数新特性内联函数const.vcxproj", "{EC09D7FD-305B-4132-AFAC-C2CDEAF42733}"
EndProject
Project("{8BC9CEB8-8B4A-11D0-8D11-00A0C91BC942}") = "2.7string类型介绍", "..\2.7string类型介绍\2.7string类型介绍.vcxproj", "{20953F6E-2090-4EC7-BF7D-3C64A9756B43}"
EndProject
Project("{8BC9CEB8-8B4A-11D0-8D11-00A0C91BC942}") = "Set的用法", "..\Set的用法\Set的用法.vcxproj", "{D0A66205-9026-487D-BD7D-ED08E0DB65A2}"
EndProject
Project("{8BC9CEB8-8B4A-11D0-8D11-00A0C91BC942}") = "2.8 迭代器", "..\2.8 迭代器\2.8 迭代器.vcxproj", "{7F2E97CA-483D-4350-AA0F-21754F67FE11}"
EndProject
Project("{8BC9CEB8-8B4A-11D0-8D11-00A0C91BC942}") = "2.10类型转换", "..\2.10类型转换\2.10类型转换.vcxproj", "{53502404-E254-4AC2-9D42-75EF822865B0}"
EndProject
Project("{8BC9CEB8-8B4A-11D0-8D11-00A0C91BC942}") = "4.1 模板与泛型", "..\4.1 模板与泛型\4.1 模板与泛型.vcxproj", "{51BCBECA-EFFE-4331-9308-294FEDA7C6AB}"
EndProject
Project("{8BC9CEB8-8B4A-11D0-8D11-00A0C91BC942}") = "4.2类模板", "..\4.2类模板\4.2类模板.vcxproj", "{D456A4BF-FD4B-4112-9AF9-8F56BEE8F2B5}"
EndProject
Project("{8BC9CEB8-8B4A-11D0-8D11-00A0C91BC942}") = "4.3 typename场合", "..\4.3 模板与泛型\4.3 模板与泛型.vcxproj", "{26D88FC1-CBBB-41BD-8906-55C9813E6BC1}"
EndProject
Project("{8BC9CEB8-8B4A-11D0-8D11-00A0C91BC942}") = "4.4 成员函数模板", "..\4.4 成员函数模板\4.4 成员函数模板.vcxproj", "{89E66762-6E1B-40A2-98DE-34D7FAA81E9A}"
EndProject
Project("{8BC9CEB8-8B4A-11D0-8D11-00A0C91BC942}") = "4.5using定义模板别名", "..\5.4using定义模板别名\5.4using定义模板别名.vcxproj", "{D35FA8EC-9A94-418F-8C7F-8304019C3F18}"
EndProject
Project("{8BC9CEB8-8B4A-11D0-8D11-00A0C91BC942}") = "4.6模板全特化", "..\4.6模板全特化\4.6模板全特化.vcxproj", "{F271F432-93CD-4342-84C6-78492AB99E62}"
EndProject
Project("{8BC9CEB8-8B4A-11D0-8D11-00A0C91BC942}") = "4.7可变参函数模板", "..\4.7可变参函数模板\4.7可变参函数模板.vcxproj", "{5A4BEC7C-21FB-4369-AE54-93896AFE2E5E}"
EndProject
Project("{8BC9CEB8-8B4A-11D0-8D11-00A0C91BC942}") = "5.1直接内存管理", "..\5.1直接内存管理\5.1直接内存管理.vcxproj", "{27AE9500-B7E0-4DEA-8743-0AF53F2DED7B}"
EndProject
Project("{8BC9CEB8-8B4A-11D0-8D11-00A0C91BC942}") = "5.2探秘", "..\5.2探秘\5.2探秘.vcxproj", "{B798DCDF-361A-4F8E-B81A-12385B982E0E}"
EndProject
Project("{8BC9CEB8-8B4A-11D0-8D11-00A0C91BC942}") = "5.3shared_ptr常用操作", "..\5.3shared_ptr常用操作\5.3shared_ptr常用操作.vcxproj", "{44ED14B1-5B2E-4F95-8D80-0FAFEB8C13D0}"
EndProject
Project("{8BC9CEB8-8B4A-11D0-8D11-00A0C91BC942}") = "5.4weak_ptr", "..\5.4weak_ptr\5.4weak_ptr.vcxproj", "{3E2857BB-23B7-4C15-9AA8-4EB5F2091631}"
EndProject
Project("{8BC9CEB8-8B4A-11D0-8D11-00A0C91BC942}") = "5.5 shared_ptr使用场景", "..\5.5 shared_ptr使用场景\5.5 shared_ptr使用场景.vcxproj", "{ABA5BB6A-8656-42FD-8EA1-C6C5B8E568A6}"
EndProject
Project("{8BC9CEB8-8B4A-11D0-8D11-00A0C91BC942}") = "sort的用法", "..\sort的用法\sort的用法.vcxproj", "{F19B749E-90F0-45B8-A45F-CBF6EDA0A7AC}"
EndProject
Project("{8BC9CEB8-8B4A-11D0-8D11-00A0C91BC942}") = "lambda表达式", "..\lambda表达式\lambda表达式.vcxproj", "{EC3BA450-72ED-4037-8F1A-4937078BD139}"
EndProject
Project("{8BC9CEB8-8B4A-11D0-8D11-00A0C91BC942}") = "8.1STL总述", "..\8.1STL总述\8.1STL总述.vcxproj", "{40D26CF0-BDD5-4493-94EC-1C2D74BB0782}"
EndProject
Project("{8BC9CEB8-8B4A-11D0-8D11-00A0C91BC942}") = "8.2容器分类vector和array精解", "..\8.2容器分类vector和array精解\8.2容器分类vector和array精解.vcxproj", "{20B689CD-940D-4AC4-90C0-A152B0B80090}"
EndProject
Project("{8BC9CEB8-8B4A-11D0-8D11-00A0C91BC942}") = "8.3其它容器", "..\8.3其它容器\8.3其它容器.vcxproj", "{BC2AA416-EAEB-4920-9C77-0DFFBCEA1FFF}"
EndProject
Project("{8BC9CEB8-8B4A-11D0-8D11-00A0C91BC942}") = "8.4分配器", "..\8.4分配器\8.4分配器.vcxproj", "{0EB1C739-7F92-4EA2-B44F-5E2B2C7618B6}"
EndProject
Project("{8BC9CEB8-8B4A-11D0-8D11-00A0C91BC942}") = "8.5迭代器", "..\8.5迭代器\8.5迭代器.vcxproj", "{38DE2EF3-E0E8-418B-A1E2-2F46DF5E16BB}"
EndProject
Project("{8BC9CEB8-8B4A-11D0-8D11-00A0C91BC942}") = "8.6算法概述", "..\8.6算法概述\8.6算法概述.vcxproj", "{D308C432-043B-4BC1-89F1-656669DF919A}"
EndProject
Project("{8BC9CEB8-8B4A-11D0-8D11-00A0C91BC942}") = "8.7函数对象回顾", "..\8.7函数对象回顾\8.7函数对象回顾.vcxproj", "{E1FFAE96-F876-41E2-9D6F-43248138F64C}"
EndProject
Project("{8BC9CEB8-8B4A-11D0-8D11-00A0C91BC942}") = "8.8适配器概念分类范例和总结", "..\8.8适配器概念分类范例和总结\8.8适配器概念分类范例和总结.vcxproj", "{85E325D2-F3CF-4214-B24F-3082D6814B95}"
EndProject
Global
	GlobalSection(SolutionConfigurationPlatforms) = preSolution
		Debug|x64 = Debug|x64
		Debug|x86 = Debug|x86
		Release|x64 = Release|x64
		Release|x86 = Release|x86
	EndGlobalSection
	GlobalSection(ProjectConfigurationPlatforms) = postSolution
		{902E122E-E755-4F52-AC22-AD4CCF15D975}.Debug|x64.ActiveCfg = Debug|x64
		{902E122E-E755-4F52-AC22-AD4CCF15D975}.Debug|x64.Build.0 = Debug|x64
		{902E122E-E755-4F52-AC22-AD4CCF15D975}.Debug|x86.ActiveCfg = Debug|Win32
		{902E122E-E755-4F52-AC22-AD4CCF15D975}.Debug|x86.Build.0 = Debug|Win32
		{902E122E-E755-4F52-AC22-AD4CCF15D975}.Release|x64.ActiveCfg = Release|x64
		{902E122E-E755-4F52-AC22-AD4CCF15D975}.Release|x64.Build.0 = Release|x64
		{902E122E-E755-4F52-AC22-AD4CCF15D975}.Release|x86.ActiveCfg = Release|Win32
		{902E122E-E755-4F52-AC22-AD4CCF15D975}.Release|x86.Build.0 = Release|Win32
		{13858D76-BBE1-40A2-B6D6-D3B36CD475D7}.Debug|x64.ActiveCfg = Debug|x64
		{13858D76-BBE1-40A2-B6D6-D3B36CD475D7}.Debug|x64.Build.0 = Debug|x64
		{13858D76-BBE1-40A2-B6D6-D3B36CD475D7}.Debug|x86.ActiveCfg = Debug|Win32
		{13858D76-BBE1-40A2-B6D6-D3B36CD475D7}.Debug|x86.Build.0 = Debug|Win32
		{13858D76-BBE1-40A2-B6D6-D3B36CD475D7}.Release|x64.ActiveCfg = Release|x64
		{13858D76-BBE1-40A2-B6D6-D3B36CD475D7}.Release|x64.Build.0 = Release|x64
		{13858D76-BBE1-40A2-B6D6-D3B36CD475D7}.Release|x86.ActiveCfg = Release|Win32
		{13858D76-BBE1-40A2-B6D6-D3B36CD475D7}.Release|x86.Build.0 = Release|Win32
		{E680F826-9147-4C80-A46E-7F4F1F9EF90C}.Debug|x64.ActiveCfg = Debug|x64
		{E680F826-9147-4C80-A46E-7F4F1F9EF90C}.Debug|x64.Build.0 = Debug|x64
		{E680F826-9147-4C80-A46E-7F4F1F9EF90C}.Debug|x86.ActiveCfg = Debug|Win32
		{E680F826-9147-4C80-A46E-7F4F1F9EF90C}.Debug|x86.Build.0 = Debug|Win32
		{E680F826-9147-4C80-A46E-7F4F1F9EF90C}.Release|x64.ActiveCfg = Release|x64
		{E680F826-9147-4C80-A46E-7F4F1F9EF90C}.Release|x64.Build.0 = Release|x64
		{E680F826-9147-4C80-A46E-7F4F1F9EF90C}.Release|x86.ActiveCfg = Release|Win32
		{E680F826-9147-4C80-A46E-7F4F1F9EF90C}.Release|x86.Build.0 = Release|Win32
		{BDFE5EE9-8744-421F-8BC2-4F49ABF25061}.Debug|x64.ActiveCfg = Debug|x64
		{BDFE5EE9-8744-421F-8BC2-4F49ABF25061}.Debug|x64.Build.0 = Debug|x64
		{BDFE5EE9-8744-421F-8BC2-4F49ABF25061}.Debug|x86.ActiveCfg = Debug|Win32
		{BDFE5EE9-8744-421F-8BC2-4F49ABF25061}.Debug|x86.Build.0 = Debug|Win32
		{BDFE5EE9-8744-421F-8BC2-4F49ABF25061}.Release|x64.ActiveCfg = Release|x64
		{BDFE5EE9-8744-421F-8BC2-4F49ABF25061}.Release|x64.Build.0 = Release|x64
		{BDFE5EE9-8744-421F-8BC2-4F49ABF25061}.Release|x86.ActiveCfg = Release|Win32
		{BDFE5EE9-8744-421F-8BC2-4F49ABF25061}.Release|x86.Build.0 = Release|Win32
		{BEE7480B-7D3B-4DB1-B07E-3054DB6E1B7C}.Debug|x64.ActiveCfg = Debug|x64
		{BEE7480B-7D3B-4DB1-B07E-3054DB6E1B7C}.Debug|x64.Build.0 = Debug|x64
		{BEE7480B-7D3B-4DB1-B07E-3054DB6E1B7C}.Debug|x86.ActiveCfg = Debug|Win32
		{BEE7480B-7D3B-4DB1-B07E-3054DB6E1B7C}.Debug|x86.Build.0 = Debug|Win32
		{BEE7480B-7D3B-4DB1-B07E-3054DB6E1B7C}.Release|x64.ActiveCfg = Release|x64
		{BEE7480B-7D3B-4DB1-B07E-3054DB6E1B7C}.Release|x64.Build.0 = Release|x64
		{BEE7480B-7D3B-4DB1-B07E-3054DB6E1B7C}.Release|x86.ActiveCfg = Release|Win32
		{BEE7480B-7D3B-4DB1-B07E-3054DB6E1B7C}.Release|x86.Build.0 = Release|Win32
		{38A886C6-8919-4260-86A2-2A7967E89245}.Debug|x64.ActiveCfg = Debug|x64
		{38A886C6-8919-4260-86A2-2A7967E89245}.Debug|x64.Build.0 = Debug|x64
		{38A886C6-8919-4260-86A2-2A7967E89245}.Debug|x86.ActiveCfg = Debug|Win32
		{38A886C6-8919-4260-86A2-2A7967E89245}.Debug|x86.Build.0 = Debug|Win32
		{38A886C6-8919-4260-86A2-2A7967E89245}.Release|x64.ActiveCfg = Release|x64
		{38A886C6-8919-4260-86A2-2A7967E89245}.Release|x64.Build.0 = Release|x64
		{38A886C6-8919-4260-86A2-2A7967E89245}.Release|x86.ActiveCfg = Release|Win32
		{38A886C6-8919-4260-86A2-2A7967E89245}.Release|x86.Build.0 = Release|Win32
		{15A00148-4B5A-408D-B350-9AD26D9CE4AD}.Debug|x64.ActiveCfg = Debug|x64
		{15A00148-4B5A-408D-B350-9AD26D9CE4AD}.Debug|x64.Build.0 = Debug|x64
		{15A00148-4B5A-408D-B350-9AD26D9CE4AD}.Debug|x86.ActiveCfg = Debug|Win32
		{15A00148-4B5A-408D-B350-9AD26D9CE4AD}.Debug|x86.Build.0 = Debug|Win32
		{15A00148-4B5A-408D-B350-9AD26D9CE4AD}.Release|x64.ActiveCfg = Release|x64
		{15A00148-4B5A-408D-B350-9AD26D9CE4AD}.Release|x64.Build.0 = Release|x64
		{15A00148-4B5A-408D-B350-9AD26D9CE4AD}.Release|x86.ActiveCfg = Release|Win32
		{15A00148-4B5A-408D-B350-9AD26D9CE4AD}.Release|x86.Build.0 = Release|Win32
		{DCAAE8B8-0437-44C2-844B-78A915329104}.Debug|x64.ActiveCfg = Debug|x64
		{DCAAE8B8-0437-44C2-844B-78A915329104}.Debug|x64.Build.0 = Debug|x64
		{DCAAE8B8-0437-44C2-844B-78A915329104}.Debug|x86.ActiveCfg = Debug|Win32
		{DCAAE8B8-0437-44C2-844B-78A915329104}.Debug|x86.Build.0 = Debug|Win32
		{DCAAE8B8-0437-44C2-844B-78A915329104}.Release|x64.ActiveCfg = Release|x64
		{DCAAE8B8-0437-44C2-844B-78A915329104}.Release|x64.Build.0 = Release|x64
		{DCAAE8B8-0437-44C2-844B-78A915329104}.Release|x86.ActiveCfg = Release|Win32
		{DCAAE8B8-0437-44C2-844B-78A915329104}.Release|x86.Build.0 = Release|Win32
		{A77B1953-658F-409A-AB8E-9919B186C482}.Debug|x64.ActiveCfg = Debug|x64
		{A77B1953-658F-409A-AB8E-9919B186C482}.Debug|x64.Build.0 = Debug|x64
		{A77B1953-658F-409A-AB8E-9919B186C482}.Debug|x86.ActiveCfg = Debug|Win32
		{A77B1953-658F-409A-AB8E-9919B186C482}.Debug|x86.Build.0 = Debug|Win32
		{A77B1953-658F-409A-AB8E-9919B186C482}.Release|x64.ActiveCfg = Release|x64
		{A77B1953-658F-409A-AB8E-9919B186C482}.Release|x64.Build.0 = Release|x64
		{A77B1953-658F-409A-AB8E-9919B186C482}.Release|x86.ActiveCfg = Release|Win32
		{A77B1953-658F-409A-AB8E-9919B186C482}.Release|x86.Build.0 = Release|Win32
		{EC09D7FD-305B-4132-AFAC-C2CDEAF42733}.Debug|x64.ActiveCfg = Debug|x64
		{EC09D7FD-305B-4132-AFAC-C2CDEAF42733}.Debug|x64.Build.0 = Debug|x64
		{EC09D7FD-305B-4132-AFAC-C2CDEAF42733}.Debug|x86.ActiveCfg = Debug|Win32
		{EC09D7FD-305B-4132-AFAC-C2CDEAF42733}.Debug|x86.Build.0 = Debug|Win32
		{EC09D7FD-305B-4132-AFAC-C2CDEAF42733}.Release|x64.ActiveCfg = Release|x64
		{EC09D7FD-305B-4132-AFAC-C2CDEAF42733}.Release|x64.Build.0 = Release|x64
		{EC09D7FD-305B-4132-AFAC-C2CDEAF42733}.Release|x86.ActiveCfg = Release|Win32
		{EC09D7FD-305B-4132-AFAC-C2CDEAF42733}.Release|x86.Build.0 = Release|Win32
		{20953F6E-2090-4EC7-BF7D-3C64A9756B43}.Debug|x64.ActiveCfg = Debug|x64
		{20953F6E-2090-4EC7-BF7D-3C64A9756B43}.Debug|x64.Build.0 = Debug|x64
		{20953F6E-2090-4EC7-BF7D-3C64A9756B43}.Debug|x86.ActiveCfg = Debug|Win32
		{20953F6E-2090-4EC7-BF7D-3C64A9756B43}.Debug|x86.Build.0 = Debug|Win32
		{20953F6E-2090-4EC7-BF7D-3C64A9756B43}.Release|x64.ActiveCfg = Release|x64
		{20953F6E-2090-4EC7-BF7D-3C64A9756B43}.Release|x64.Build.0 = Release|x64
		{20953F6E-2090-4EC7-BF7D-3C64A9756B43}.Release|x86.ActiveCfg = Release|Win32
		{20953F6E-2090-4EC7-BF7D-3C64A9756B43}.Release|x86.Build.0 = Release|Win32
		{D0A66205-9026-487D-BD7D-ED08E0DB65A2}.Debug|x64.ActiveCfg = Debug|x64
		{D0A66205-9026-487D-BD7D-ED08E0DB65A2}.Debug|x64.Build.0 = Debug|x64
		{D0A66205-9026-487D-BD7D-ED08E0DB65A2}.Debug|x86.ActiveCfg = Debug|Win32
		{D0A66205-9026-487D-BD7D-ED08E0DB65A2}.Debug|x86.Build.0 = Debug|Win32
		{D0A66205-9026-487D-BD7D-ED08E0DB65A2}.Release|x64.ActiveCfg = Release|x64
		{D0A66205-9026-487D-BD7D-ED08E0DB65A2}.Release|x64.Build.0 = Release|x64
		{D0A66205-9026-487D-BD7D-ED08E0DB65A2}.Release|x86.ActiveCfg = Release|Win32
		{D0A66205-9026-487D-BD7D-ED08E0DB65A2}.Release|x86.Build.0 = Release|Win32
		{7F2E97CA-483D-4350-AA0F-21754F67FE11}.Debug|x64.ActiveCfg = Debug|x64
		{7F2E97CA-483D-4350-AA0F-21754F67FE11}.Debug|x64.Build.0 = Debug|x64
		{7F2E97CA-483D-4350-AA0F-21754F67FE11}.Debug|x86.ActiveCfg = Debug|Win32
		{7F2E97CA-483D-4350-AA0F-21754F67FE11}.Debug|x86.Build.0 = Debug|Win32
		{7F2E97CA-483D-4350-AA0F-21754F67FE11}.Release|x64.ActiveCfg = Release|x64
		{7F2E97CA-483D-4350-AA0F-21754F67FE11}.Release|x64.Build.0 = Release|x64
		{7F2E97CA-483D-4350-AA0F-21754F67FE11}.Release|x86.ActiveCfg = Release|Win32
		{7F2E97CA-483D-4350-AA0F-21754F67FE11}.Release|x86.Build.0 = Release|Win32
		{53502404-E254-4AC2-9D42-75EF822865B0}.Debug|x64.ActiveCfg = Debug|x64
		{53502404-E254-4AC2-9D42-75EF822865B0}.Debug|x64.Build.0 = Debug|x64
		{53502404-E254-4AC2-9D42-75EF822865B0}.Debug|x86.ActiveCfg = Debug|Win32
		{53502404-E254-4AC2-9D42-75EF822865B0}.Debug|x86.Build.0 = Debug|Win32
		{53502404-E254-4AC2-9D42-75EF822865B0}.Release|x64.ActiveCfg = Release|x64
		{53502404-E254-4AC2-9D42-75EF822865B0}.Release|x64.Build.0 = Release|x64
		{53502404-E254-4AC2-9D42-75EF822865B0}.Release|x86.ActiveCfg = Release|Win32
		{53502404-E254-4AC2-9D42-75EF822865B0}.Release|x86.Build.0 = Release|Win32
		{51BCBECA-EFFE-4331-9308-294FEDA7C6AB}.Debug|x64.ActiveCfg = Debug|x64
		{51BCBECA-EFFE-4331-9308-294FEDA7C6AB}.Debug|x64.Build.0 = Debug|x64
		{51BCBECA-EFFE-4331-9308-294FEDA7C6AB}.Debug|x86.ActiveCfg = Debug|Win32
		{51BCBECA-EFFE-4331-9308-294FEDA7C6AB}.Debug|x86.Build.0 = Debug|Win32
		{51BCBECA-EFFE-4331-9308-294FEDA7C6AB}.Release|x64.ActiveCfg = Release|x64
		{51BCBECA-EFFE-4331-9308-294FEDA7C6AB}.Release|x64.Build.0 = Release|x64
		{51BCBECA-EFFE-4331-9308-294FEDA7C6AB}.Release|x86.ActiveCfg = Release|Win32
		{51BCBECA-EFFE-4331-9308-294FEDA7C6AB}.Release|x86.Build.0 = Release|Win32
		{D456A4BF-FD4B-4112-9AF9-8F56BEE8F2B5}.Debug|x64.ActiveCfg = Debug|x64
		{D456A4BF-FD4B-4112-9AF9-8F56BEE8F2B5}.Debug|x64.Build.0 = Debug|x64
		{D456A4BF-FD4B-4112-9AF9-8F56BEE8F2B5}.Debug|x86.ActiveCfg = Debug|Win32
		{D456A4BF-FD4B-4112-9AF9-8F56BEE8F2B5}.Debug|x86.Build.0 = Debug|Win32
		{D456A4BF-FD4B-4112-9AF9-8F56BEE8F2B5}.Release|x64.ActiveCfg = Release|x64
		{D456A4BF-FD4B-4112-9AF9-8F56BEE8F2B5}.Release|x64.Build.0 = Release|x64
		{D456A4BF-FD4B-4112-9AF9-8F56BEE8F2B5}.Release|x86.ActiveCfg = Release|Win32
		{D456A4BF-FD4B-4112-9AF9-8F56BEE8F2B5}.Release|x86.Build.0 = Release|Win32
		{26D88FC1-CBBB-41BD-8906-55C9813E6BC1}.Debug|x64.ActiveCfg = Debug|x64
		{26D88FC1-CBBB-41BD-8906-55C9813E6BC1}.Debug|x64.Build.0 = Debug|x64
		{26D88FC1-CBBB-41BD-8906-55C9813E6BC1}.Debug|x86.ActiveCfg = Debug|Win32
		{26D88FC1-CBBB-41BD-8906-55C9813E6BC1}.Debug|x86.Build.0 = Debug|Win32
		{26D88FC1-CBBB-41BD-8906-55C9813E6BC1}.Release|x64.ActiveCfg = Release|x64
		{26D88FC1-CBBB-41BD-8906-55C9813E6BC1}.Release|x64.Build.0 = Release|x64
		{26D88FC1-CBBB-41BD-8906-55C9813E6BC1}.Release|x86.ActiveCfg = Release|Win32
		{26D88FC1-CBBB-41BD-8906-55C9813E6BC1}.Release|x86.Build.0 = Release|Win32
		{89E66762-6E1B-40A2-98DE-34D7FAA81E9A}.Debug|x64.ActiveCfg = Debug|x64
		{89E66762-6E1B-40A2-98DE-34D7FAA81E9A}.Debug|x64.Build.0 = Debug|x64
		{89E66762-6E1B-40A2-98DE-34D7FAA81E9A}.Debug|x86.ActiveCfg = Debug|Win32
		{89E66762-6E1B-40A2-98DE-34D7FAA81E9A}.Debug|x86.Build.0 = Debug|Win32
		{89E66762-6E1B-40A2-98DE-34D7FAA81E9A}.Release|x64.ActiveCfg = Release|x64
		{89E66762-6E1B-40A2-98DE-34D7FAA81E9A}.Release|x64.Build.0 = Release|x64
		{89E66762-6E1B-40A2-98DE-34D7FAA81E9A}.Release|x86.ActiveCfg = Release|Win32
		{89E66762-6E1B-40A2-98DE-34D7FAA81E9A}.Release|x86.Build.0 = Release|Win32
		{D35FA8EC-9A94-418F-8C7F-8304019C3F18}.Debug|x64.ActiveCfg = Debug|x64
		{D35FA8EC-9A94-418F-8C7F-8304019C3F18}.Debug|x64.Build.0 = Debug|x64
		{D35FA8EC-9A94-418F-8C7F-8304019C3F18}.Debug|x86.ActiveCfg = Debug|Win32
		{D35FA8EC-9A94-418F-8C7F-8304019C3F18}.Debug|x86.Build.0 = Debug|Win32
		{D35FA8EC-9A94-418F-8C7F-8304019C3F18}.Release|x64.ActiveCfg = Release|x64
		{D35FA8EC-9A94-418F-8C7F-8304019C3F18}.Release|x64.Build.0 = Release|x64
		{D35FA8EC-9A94-418F-8C7F-8304019C3F18}.Release|x86.ActiveCfg = Release|Win32
		{D35FA8EC-9A94-418F-8C7F-8304019C3F18}.Release|x86.Build.0 = Release|Win32
		{F271F432-93CD-4342-84C6-78492AB99E62}.Debug|x64.ActiveCfg = Debug|x64
		{F271F432-93CD-4342-84C6-78492AB99E62}.Debug|x64.Build.0 = Debug|x64
		{F271F432-93CD-4342-84C6-78492AB99E62}.Debug|x86.ActiveCfg = Debug|Win32
		{F271F432-93CD-4342-84C6-78492AB99E62}.Debug|x86.Build.0 = Debug|Win32
		{F271F432-93CD-4342-84C6-78492AB99E62}.Release|x64.ActiveCfg = Release|x64
		{F271F432-93CD-4342-84C6-78492AB99E62}.Release|x64.Build.0 = Release|x64
		{F271F432-93CD-4342-84C6-78492AB99E62}.Release|x86.ActiveCfg = Release|Win32
		{F271F432-93CD-4342-84C6-78492AB99E62}.Release|x86.Build.0 = Release|Win32
		{5A4BEC7C-21FB-4369-AE54-93896AFE2E5E}.Debug|x64.ActiveCfg = Debug|x64
		{5A4BEC7C-21FB-4369-AE54-93896AFE2E5E}.Debug|x64.Build.0 = Debug|x64
		{5A4BEC7C-21FB-4369-AE54-93896AFE2E5E}.Debug|x86.ActiveCfg = Debug|Win32
		{5A4BEC7C-21FB-4369-AE54-93896AFE2E5E}.Debug|x86.Build.0 = Debug|Win32
		{5A4BEC7C-21FB-4369-AE54-93896AFE2E5E}.Release|x64.ActiveCfg = Release|x64
		{5A4BEC7C-21FB-4369-AE54-93896AFE2E5E}.Release|x64.Build.0 = Release|x64
		{5A4BEC7C-21FB-4369-AE54-93896AFE2E5E}.Release|x86.ActiveCfg = Release|Win32
		{5A4BEC7C-21FB-4369-AE54-93896AFE2E5E}.Release|x86.Build.0 = Release|Win32
		{27AE9500-B7E0-4DEA-8743-0AF53F2DED7B}.Debug|x64.ActiveCfg = Debug|x64
		{27AE9500-B7E0-4DEA-8743-0AF53F2DED7B}.Debug|x64.Build.0 = Debug|x64
		{27AE9500-B7E0-4DEA-8743-0AF53F2DED7B}.Debug|x86.ActiveCfg = Debug|Win32
		{27AE9500-B7E0-4DEA-8743-0AF53F2DED7B}.Debug|x86.Build.0 = Debug|Win32
		{27AE9500-B7E0-4DEA-8743-0AF53F2DED7B}.Release|x64.ActiveCfg = Release|x64
		{27AE9500-B7E0-4DEA-8743-0AF53F2DED7B}.Release|x64.Build.0 = Release|x64
		{27AE9500-B7E0-4DEA-8743-0AF53F2DED7B}.Release|x86.ActiveCfg = Release|Win32
		{27AE9500-B7E0-4DEA-8743-0AF53F2DED7B}.Release|x86.Build.0 = Release|Win32
		{B798DCDF-361A-4F8E-B81A-12385B982E0E}.Debug|x64.ActiveCfg = Debug|x64
		{B798DCDF-361A-4F8E-B81A-12385B982E0E}.Debug|x64.Build.0 = Debug|x64
		{B798DCDF-361A-4F8E-B81A-12385B982E0E}.Debug|x86.ActiveCfg = Debug|Win32
		{B798DCDF-361A-4F8E-B81A-12385B982E0E}.Debug|x86.Build.0 = Debug|Win32
		{B798DCDF-361A-4F8E-B81A-12385B982E0E}.Release|x64.ActiveCfg = Release|x64
		{B798DCDF-361A-4F8E-B81A-12385B982E0E}.Release|x64.Build.0 = Release|x64
		{B798DCDF-361A-4F8E-B81A-12385B982E0E}.Release|x86.ActiveCfg = Release|Win32
		{B798DCDF-361A-4F8E-B81A-12385B982E0E}.Release|x86.Build.0 = Release|Win32
		{44ED14B1-5B2E-4F95-8D80-0FAFEB8C13D0}.Debug|x64.ActiveCfg = Debug|x64
		{44ED14B1-5B2E-4F95-8D80-0FAFEB8C13D0}.Debug|x64.Build.0 = Debug|x64
		{44ED14B1-5B2E-4F95-8D80-0FAFEB8C13D0}.Debug|x86.ActiveCfg = Debug|Win32
		{44ED14B1-5B2E-4F95-8D80-0FAFEB8C13D0}.Debug|x86.Build.0 = Debug|Win32
		{44ED14B1-5B2E-4F95-8D80-0FAFEB8C13D0}.Release|x64.ActiveCfg = Release|x64
		{44ED14B1-5B2E-4F95-8D80-0FAFEB8C13D0}.Release|x64.Build.0 = Release|x64
		{44ED14B1-5B2E-4F95-8D80-0FAFEB8C13D0}.Release|x86.ActiveCfg = Release|Win32
		{44ED14B1-5B2E-4F95-8D80-0FAFEB8C13D0}.Release|x86.Build.0 = Release|Win32
		{3E2857BB-23B7-4C15-9AA8-4EB5F2091631}.Debug|x64.ActiveCfg = Debug|x64
		{3E2857BB-23B7-4C15-9AA8-4EB5F2091631}.Debug|x64.Build.0 = Debug|x64
		{3E2857BB-23B7-4C15-9AA8-4EB5F2091631}.Debug|x86.ActiveCfg = Debug|Win32
		{3E2857BB-23B7-4C15-9AA8-4EB5F2091631}.Debug|x86.Build.0 = Debug|Win32
		{3E2857BB-23B7-4C15-9AA8-4EB5F2091631}.Release|x64.ActiveCfg = Release|x64
		{3E2857BB-23B7-4C15-9AA8-4EB5F2091631}.Release|x64.Build.0 = Release|x64
		{3E2857BB-23B7-4C15-9AA8-4EB5F2091631}.Release|x86.ActiveCfg = Release|Win32
		{3E2857BB-23B7-4C15-9AA8-4EB5F2091631}.Release|x86.Build.0 = Release|Win32
		{ABA5BB6A-8656-42FD-8EA1-C6C5B8E568A6}.Debug|x64.ActiveCfg = Debug|x64
		{ABA5BB6A-8656-42FD-8EA1-C6C5B8E568A6}.Debug|x64.Build.0 = Debug|x64
		{ABA5BB6A-8656-42FD-8EA1-C6C5B8E568A6}.Debug|x86.ActiveCfg = Debug|Win32
		{ABA5BB6A-8656-42FD-8EA1-C6C5B8E568A6}.Debug|x86.Build.0 = Debug|Win32
		{ABA5BB6A-8656-42FD-8EA1-C6C5B8E568A6}.Release|x64.ActiveCfg = Release|x64
		{ABA5BB6A-8656-42FD-8EA1-C6C5B8E568A6}.Release|x64.Build.0 = Release|x64
		{ABA5BB6A-8656-42FD-8EA1-C6C5B8E568A6}.Release|x86.ActiveCfg = Release|Win32
		{ABA5BB6A-8656-42FD-8EA1-C6C5B8E568A6}.Release|x86.Build.0 = Release|Win32
		{F19B749E-90F0-45B8-A45F-CBF6EDA0A7AC}.Debug|x64.ActiveCfg = Debug|x64
		{F19B749E-90F0-45B8-A45F-CBF6EDA0A7AC}.Debug|x64.Build.0 = Debug|x64
		{F19B749E-90F0-45B8-A45F-CBF6EDA0A7AC}.Debug|x86.ActiveCfg = Debug|Win32
		{F19B749E-90F0-45B8-A45F-CBF6EDA0A7AC}.Debug|x86.Build.0 = Debug|Win32
		{F19B749E-90F0-45B8-A45F-CBF6EDA0A7AC}.Release|x64.ActiveCfg = Release|x64
		{F19B749E-90F0-45B8-A45F-CBF6EDA0A7AC}.Release|x64.Build.0 = Release|x64
		{F19B749E-90F0-45B8-A45F-CBF6EDA0A7AC}.Release|x86.ActiveCfg = Release|Win32
		{F19B749E-90F0-45B8-A45F-CBF6EDA0A7AC}.Release|x86.Build.0 = Release|Win32
		{EC3BA450-72ED-4037-8F1A-4937078BD139}.Debug|x64.ActiveCfg = Debug|x64
		{EC3BA450-72ED-4037-8F1A-4937078BD139}.Debug|x64.Build.0 = Debug|x64
		{EC3BA450-72ED-4037-8F1A-4937078BD139}.Debug|x86.ActiveCfg = Debug|Win32
		{EC3BA450-72ED-4037-8F1A-4937078BD139}.Debug|x86.Build.0 = Debug|Win32
		{EC3BA450-72ED-4037-8F1A-4937078BD139}.Release|x64.ActiveCfg = Release|x64
		{EC3BA450-72ED-4037-8F1A-4937078BD139}.Release|x64.Build.0 = Release|x64
		{EC3BA450-72ED-4037-8F1A-4937078BD139}.Release|x86.ActiveCfg = Release|Win32
		{EC3BA450-72ED-4037-8F1A-4937078BD139}.Release|x86.Build.0 = Release|Win32
		{40D26CF0-BDD5-4493-94EC-1C2D74BB0782}.Debug|x64.ActiveCfg = Debug|x64
		{40D26CF0-BDD5-4493-94EC-1C2D74BB0782}.Debug|x64.Build.0 = Debug|x64
		{40D26CF0-BDD5-4493-94EC-1C2D74BB0782}.Debug|x86.ActiveCfg = Debug|Win32
		{40D26CF0-BDD5-4493-94EC-1C2D74BB0782}.Debug|x86.Build.0 = Debug|Win32
		{40D26CF0-BDD5-4493-94EC-1C2D74BB0782}.Release|x64.ActiveCfg = Release|x64
		{40D26CF0-BDD5-4493-94EC-1C2D74BB0782}.Release|x64.Build.0 = Release|x64
		{40D26CF0-BDD5-4493-94EC-1C2D74BB0782}.Release|x86.ActiveCfg = Release|Win32
		{40D26CF0-BDD5-4493-94EC-1C2D74BB0782}.Release|x86.Build.0 = Release|Win32
		{20B689CD-940D-4AC4-90C0-A152B0B80090}.Debug|x64.ActiveCfg = Debug|x64
		{20B689CD-940D-4AC4-90C0-A152B0B80090}.Debug|x64.Build.0 = Debug|x64
		{20B689CD-940D-4AC4-90C0-A152B0B80090}.Debug|x86.ActiveCfg = Debug|Win32
		{20B689CD-940D-4AC4-90C0-A152B0B80090}.Debug|x86.Build.0 = Debug|Win32
		{20B689CD-940D-4AC4-90C0-A152B0B80090}.Release|x64.ActiveCfg = Release|x64
		{20B689CD-940D-4AC4-90C0-A152B0B80090}.Release|x64.Build.0 = Release|x64
		{20B689CD-940D-4AC4-90C0-A152B0B80090}.Release|x86.ActiveCfg = Release|Win32
		{20B689CD-940D-4AC4-90C0-A152B0B80090}.Release|x86.Build.0 = Release|Win32
		{BC2AA416-EAEB-4920-9C77-0DFFBCEA1FFF}.Debug|x64.ActiveCfg = Debug|x64
		{BC2AA416-EAEB-4920-9C77-0DFFBCEA1FFF}.Debug|x64.Build.0 = Debug|x64
		{BC2AA416-EAEB-4920-9C77-0DFFBCEA1FFF}.Debug|x86.ActiveCfg = Debug|Win32
		{BC2AA416-EAEB-4920-9C77-0DFFBCEA1FFF}.Debug|x86.Build.0 = Debug|Win32
		{BC2AA416-EAEB-4920-9C77-0DFFBCEA1FFF}.Release|x64.ActiveCfg = Release|x64
		{BC2AA416-EAEB-4920-9C77-0DFFBCEA1FFF}.Release|x64.Build.0 = Release|x64
		{BC2AA416-EAEB-4920-9C77-0DFFBCEA1FFF}.Release|x86.ActiveCfg = Release|Win32
		{BC2AA416-EAEB-4920-9C77-0DFFBCEA1FFF}.Release|x86.Build.0 = Release|Win32
		{0EB1C739-7F92-4EA2-B44F-5E2B2C7618B6}.Debug|x64.ActiveCfg = Debug|x64
		{0EB1C739-7F92-4EA2-B44F-5E2B2C7618B6}.Debug|x64.Build.0 = Debug|x64
		{0EB1C739-7F92-4EA2-B44F-5E2B2C7618B6}.Debug|x86.ActiveCfg = Debug|Win32
		{0EB1C739-7F92-4EA2-B44F-5E2B2C7618B6}.Debug|x86.Build.0 = Debug|Win32
		{0EB1C739-7F92-4EA2-B44F-5E2B2C7618B6}.Release|x64.ActiveCfg = Release|x64
		{0EB1C739-7F92-4EA2-B44F-5E2B2C7618B6}.Release|x64.Build.0 = Release|x64
		{0EB1C739-7F92-4EA2-B44F-5E2B2C7618B6}.Release|x86.ActiveCfg = Release|Win32
		{0EB1C739-7F92-4EA2-B44F-5E2B2C7618B6}.Release|x86.Build.0 = Release|Win32
		{38DE2EF3-E0E8-418B-A1E2-2F46DF5E16BB}.Debug|x64.ActiveCfg = Debug|x64
		{38DE2EF3-E0E8-418B-A1E2-2F46DF5E16BB}.Debug|x64.Build.0 = Debug|x64
		{38DE2EF3-E0E8-418B-A1E2-2F46DF5E16BB}.Debug|x86.ActiveCfg = Debug|Win32
		{38DE2EF3-E0E8-418B-A1E2-2F46DF5E16BB}.Debug|x86.Build.0 = Debug|Win32
		{38DE2EF3-E0E8-418B-A1E2-2F46DF5E16BB}.Release|x64.ActiveCfg = Release|x64
		{38DE2EF3-E0E8-418B-A1E2-2F46DF5E16BB}.Release|x64.Build.0 = Release|x64
		{38DE2EF3-E0E8-418B-A1E2-2F46DF5E16BB}.Release|x86.ActiveCfg = Release|Win32
		{38DE2EF3-E0E8-418B-A1E2-2F46DF5E16BB}.Release|x86.Build.0 = Release|Win32
		{D308C432-043B-4BC1-89F1-656669DF919A}.Debug|x64.ActiveCfg = Debug|x64
		{D308C432-043B-4BC1-89F1-656669DF919A}.Debug|x64.Build.0 = Debug|x64
		{D308C432-043B-4BC1-89F1-656669DF919A}.Debug|x86.ActiveCfg = Debug|Win32
		{D308C432-043B-4BC1-89F1-656669DF919A}.Debug|x86.Build.0 = Debug|Win32
		{D308C432-043B-4BC1-89F1-656669DF919A}.Release|x64.ActiveCfg = Release|x64
		{D308C432-043B-4BC1-89F1-656669DF919A}.Release|x64.Build.0 = Release|x64
		{D308C432-043B-4BC1-89F1-656669DF919A}.Release|x86.ActiveCfg = Release|Win32
		{D308C432-043B-4BC1-89F1-656669DF919A}.Release|x86.Build.0 = Release|Win32
		{E1FFAE96-F876-41E2-9D6F-43248138F64C}.Debug|x64.ActiveCfg = Debug|x64
		{E1FFAE96-F876-41E2-9D6F-43248138F64C}.Debug|x64.Build.0 = Debug|x64
		{E1FFAE96-F876-41E2-9D6F-43248138F64C}.Debug|x86.ActiveCfg = Debug|Win32
		{E1FFAE96-F876-41E2-9D6F-43248138F64C}.Debug|x86.Build.0 = Debug|Win32
		{E1FFAE96-F876-41E2-9D6F-43248138F64C}.Release|x64.ActiveCfg = Release|x64
		{E1FFAE96-F876-41E2-9D6F-43248138F64C}.Release|x64.Build.0 = Release|x64
		{E1FFAE96-F876-41E2-9D6F-43248138F64C}.Release|x86.ActiveCfg = Release|Win32
		{E1FFAE96-F876-41E2-9D6F-43248138F64C}.Release|x86.Build.0 = Release|Win32
		{85E325D2-F3CF-4214-B24F-3082D6814B95}.Debug|x64.ActiveCfg = Debug|x64
		{85E325D2-F3CF-4214-B24F-3082D6814B95}.Debug|x64.Build.0 = Debug|x64
		{85E325D2-F3CF-4214-B24F-3082D6814B95}.Debug|x86.ActiveCfg = Debug|Win32
		{85E325D2-F3CF-4214-B24F-3082D6814B95}.Debug|x86.Build.0 = Debug|Win32
		{85E325D2-F3CF-4214-B24F-3082D6814B95}.Release|x64.ActiveCfg = Release|x64
		{85E325D2-F3CF-4214-B24F-3082D6814B95}.Release|x64.Build.0 = Release|x64
		{85E325D2-F3CF-4214-B24F-3082D6814B95}.Release|x86.ActiveCfg = Release|Win32
		{85E325D2-F3CF-4214-B24F-3082D6814B95}.Release|x86.Build.0 = Release|Win32
	EndGlobalSection
	GlobalSection(SolutionProperties) = preSolution
		HideSolutionNode = FALSE
	EndGlobalSection
	GlobalSection(ExtensibilityGlobals) = postSolution
		SolutionGuid = {8A9CC796-22AD-43A1-9F19-5DF61164A742}
	EndGlobalSection
EndGlobal
